{
	"name": "js-library",
	"version": "1.0.0",
	"lockfileVersion": 2,
	"requires": true,
	"packages": {
		"": {
			"name": "js-library",
			"version": "1.0.0",
			"license": "ISC",
			"dependencies": {
				"mbr-js": "^0.2.2"
			}
		},
		"node_modules/mbr-js": {
			"version": "0.2.2",
			"resolved": "https://registry.npmjs.org/mbr-js/-/mbr-js-0.2.2.tgz",
			"integrity": "sha512-7FxunRHiEow352/eFYozRaKWIpCRBP2e2StOZlv2Wxc1GYDQ55FsN80OjfImbz/sE8Dl2S3qkIKr82zDZMyQpA=="
		}
	},
	"dependencies": {
		"mbr-js": {
			"version": "0.2.2",
			"resolved": "https://registry.npmjs.org/mbr-js/-/mbr-js-0.2.2.tgz",
			"integrity": "sha512-7FxunRHiEow352/eFYozRaKWIpCRBP2e2StOZlv2Wxc1GYDQ55FsN80OjfImbz/sE8Dl2S3qkIKr82zDZMyQpA=="
		}
	}
}
