{
	"name": "js-library",
	"version": "1.0.0",
	"lockfileVersion": 2,
	"requires": true,
	"packages": {
		"": {
			"name": "js-library",
			"version": "1.0.0",
			"license": "ISC",
			"dependencies": {
				"mbr-js": "^0.1.1"
			}
		},
		"node_modules/mbr-js": {
			"version": "0.1.1",
			"resolved": "https://registry.npmjs.org/mbr-js/-/mbr-js-0.1.1.tgz",
			"integrity": "sha512-DtF+DgyLp2K2+6J4hiJibdIzS6bCmXauz+5g/oQA/0cdEcXq980vLL/geUcqPzGd9TABDLx7LdJMdYM3nf/A9A=="
		}
	},
	"dependencies": {
		"mbr-js": {
			"version": "0.1.1",
			"resolved": "https://registry.npmjs.org/mbr-js/-/mbr-js-0.1.1.tgz",
			"integrity": "sha512-DtF+DgyLp2K2+6J4hiJibdIzS6bCmXauz+5g/oQA/0cdEcXq980vLL/geUcqPzGd9TABDLx7LdJMdYM3nf/A9A=="
		}
	}
}
